
Microsoft Visual Studio Solution File, Format Version 12.00
# Visual Studio Version 17
VisualStudioVersion = 17.4.33205.214
MinimumVisualStudioVersion = 10.0.40219.1
Project("{FAE04EC0-301F-11D3-BF4B-00C04F79EFBC}") = "HorchatoLogin", "HorchatoLogin.csproj", "{48FEB326-B8A2-4027-B686-628CDA2F4811}"
EndProject
Global
	GlobalSection(SolutionConfigurationPlatforms) = preSolution
		Debug|Any CPU = Debug|Any CPU
		Release|Any CPU = Release|Any CPU
	EndGlobalSection
	GlobalSection(ProjectConfigurationPlatforms) = postSolution
		{48FEB326-B8A2-4027-B686-628CDA2F4811}.Debug|Any CPU.ActiveCfg = Debug|Any CPU
		{48FEB326-B8A2-4027-B686-628CDA2F4811}.Debug|Any CPU.Build.0 = Debug|Any CPU
		{48FEB326-B8A2-4027-B686-628CDA2F4811}.Release|Any CPU.ActiveCfg = Release|Any CPU
		{48FEB326-B8A2-4027-B686-628CDA2F4811}.Release|Any CPU.Build.0 = Release|Any CPU
	EndGlobalSection
	GlobalSection(SolutionProperties) = preSolution
		HideSolutionNode = FALSE
	EndGlobalSection
	GlobalSection(ExtensibilityGlobals) = postSolution
		SolutionGuid = {8E2F9885-3603-48B3-B892-BADF2F8B61A1}
	EndGlobalSection
EndGlobal
